
Microsoft Visual Studio Solution File, Format Version 12.00
# Visual Studio Version 16
VisualStudioVersion = 16.0.32126.315
MinimumVisualStudioVersion = 10.0.40219.1
Project("{8BC9CEB8-8B4A-11D0-8D11-00A0C91BC942}") = "PP01", "PP01\PP01.vcxproj", "{7CECE003-28FE-46AF-B0B9-4B3E66E754A0}"
EndProject
Project("{8BC9CEB8-8B4A-11D0-8D11-00A0C91BC942}") = "PP02", "PP02\PP02.vcxproj", "{CC95869A-DF35-4471-A311-EFFA164F9732}"
EndProject
Project("{8BC9CEB8-8B4A-11D0-8D11-00A0C91BC942}") = "PP03", "PP03\PP03.vcxproj", "{B52F6A06-E360-4981-8B17-B5FC2007CBFD}"
EndProject
Project("{8BC9CEB8-8B4A-11D0-8D11-00A0C91BC942}") = "PP04", "PP04\PP04.vcxproj", "{FC507544-5D26-4407-8AA3-3483EFF16C3F}"
EndProject
Project("{8BC9CEB8-8B4A-11D0-8D11-00A0C91BC942}") = "PP05", "PP05\PP05.vcxproj", "{F4233403-7FEC-412C-9350-8539E0CEE16B}"
EndProject
Project("{8BC9CEB8-8B4A-11D0-8D11-00A0C91BC942}") = "PP07", "PP07\PP07.vcxproj", "{88DE2A49-A761-4F26-AB70-E320C4C0CB9C}"
EndProject
Global
	GlobalSection(SolutionConfigurationPlatforms) = preSolution
		Debug|x64 = Debug|x64
		Debug|x86 = Debug|x86
		Release|x64 = Release|x64
		Release|x86 = Release|x86
	EndGlobalSection
	GlobalSection(ProjectConfigurationPlatforms) = postSolution
		{7CECE003-28FE-46AF-B0B9-4B3E66E754A0}.Debug|x64.ActiveCfg = Debug|x64
		{7CECE003-28FE-46AF-B0B9-4B3E66E754A0}.Debug|x64.Build.0 = Debug|x64
		{7CECE003-28FE-46AF-B0B9-4B3E66E754A0}.Debug|x86.ActiveCfg = Debug|Win32
		{7CECE003-28FE-46AF-B0B9-4B3E66E754A0}.Debug|x86.Build.0 = Debug|Win32
		{7CECE003-28FE-46AF-B0B9-4B3E66E754A0}.Release|x64.ActiveCfg = Release|x64
		{7CECE003-28FE-46AF-B0B9-4B3E66E754A0}.Release|x64.Build.0 = Release|x64
		{7CECE003-28FE-46AF-B0B9-4B3E66E754A0}.Release|x86.ActiveCfg = Release|Win32
		{7CECE003-28FE-46AF-B0B9-4B3E66E754A0}.Release|x86.Build.0 = Release|Win32
		{CC95869A-DF35-4471-A311-EFFA164F9732}.Debug|x64.ActiveCfg = Debug|x64
		{CC95869A-DF35-4471-A311-EFFA164F9732}.Debug|x64.Build.0 = Debug|x64
		{CC95869A-DF35-4471-A311-EFFA164F9732}.Debug|x86.ActiveCfg = Debug|Win32
		{CC95869A-DF35-4471-A311-EFFA164F9732}.Debug|x86.Build.0 = Debug|Win32
		{CC95869A-DF35-4471-A311-EFFA164F9732}.Release|x64.ActiveCfg = Release|x64
		{CC95869A-DF35-4471-A311-EFFA164F9732}.Release|x64.Build.0 = Release|x64
		{CC95869A-DF35-4471-A311-EFFA164F9732}.Release|x86.ActiveCfg = Release|Win32
		{CC95869A-DF35-4471-A311-EFFA164F9732}.Release|x86.Build.0 = Release|Win32
		{B52F6A06-E360-4981-8B17-B5FC2007CBFD}.Debug|x64.ActiveCfg = Debug|x64
		{B52F6A06-E360-4981-8B17-B5FC2007CBFD}.Debug|x64.Build.0 = Debug|x64
		{B52F6A06-E360-4981-8B17-B5FC2007CBFD}.Debug|x86.ActiveCfg = Debug|Win32
		{B52F6A06-E360-4981-8B17-B5FC2007CBFD}.Debug|x86.Build.0 = Debug|Win32
		{B52F6A06-E360-4981-8B17-B5FC2007CBFD}.Release|x64.ActiveCfg = Release|x64
		{B52F6A06-E360-4981-8B17-B5FC2007CBFD}.Release|x64.Build.0 = Release|x64
		{B52F6A06-E360-4981-8B17-B5FC2007CBFD}.Release|x86.ActiveCfg = Release|Win32
		{B52F6A06-E360-4981-8B17-B5FC2007CBFD}.Release|x86.Build.0 = Release|Win32
		{FC507544-5D26-4407-8AA3-3483EFF16C3F}.Debug|x64.ActiveCfg = Debug|x64
		{FC507544-5D26-4407-8AA3-3483EFF16C3F}.Debug|x64.Build.0 = Debug|x64
		{FC507544-5D26-4407-8AA3-3483EFF16C3F}.Debug|x86.ActiveCfg = Debug|Win32
		{FC507544-5D26-4407-8AA3-3483EFF16C3F}.Debug|x86.Build.0 = Debug|Win32
		{FC507544-5D26-4407-8AA3-3483EFF16C3F}.Release|x64.ActiveCfg = Release|x64
		{FC507544-5D26-4407-8AA3-3483EFF16C3F}.Release|x64.Build.0 = Release|x64
		{FC507544-5D26-4407-8AA3-3483EFF16C3F}.Release|x86.ActiveCfg = Release|Win32
		{FC507544-5D26-4407-8AA3-3483EFF16C3F}.Release|x86.Build.0 = Release|Win32
		{F4233403-7FEC-412C-9350-8539E0CEE16B}.Debug|x64.ActiveCfg = Debug|x64
		{F4233403-7FEC-412C-9350-8539E0CEE16B}.Debug|x64.Build.0 = Debug|x64
		{F4233403-7FEC-412C-9350-8539E0CEE16B}.Debug|x86.ActiveCfg = Debug|Win32
		{F4233403-7FEC-412C-9350-8539E0CEE16B}.Debug|x86.Build.0 = Debug|Win32
		{F4233403-7FEC-412C-9350-8539E0CEE16B}.Release|x64.ActiveCfg = Release|x64
		{F4233403-7FEC-412C-9350-8539E0CEE16B}.Release|x64.Build.0 = Release|x64
		{F4233403-7FEC-412C-9350-8539E0CEE16B}.Release|x86.ActiveCfg = Release|Win32
		{F4233403-7FEC-412C-9350-8539E0CEE16B}.Release|x86.Build.0 = Release|Win32
		{88DE2A49-A761-4F26-AB70-E320C4C0CB9C}.Debug|x64.ActiveCfg = Debug|x64
		{88DE2A49-A761-4F26-AB70-E320C4C0CB9C}.Debug|x64.Build.0 = Debug|x64
		{88DE2A49-A761-4F26-AB70-E320C4C0CB9C}.Debug|x86.ActiveCfg = Debug|Win32
		{88DE2A49-A761-4F26-AB70-E320C4C0CB9C}.Debug|x86.Build.0 = Debug|Win32
		{88DE2A49-A761-4F26-AB70-E320C4C0CB9C}.Release|x64.ActiveCfg = Release|x64
		{88DE2A49-A761-4F26-AB70-E320C4C0CB9C}.Release|x64.Build.0 = Release|x64
		{88DE2A49-A761-4F26-AB70-E320C4C0CB9C}.Release|x86.ActiveCfg = Release|Win32
		{88DE2A49-A761-4F26-AB70-E320C4C0CB9C}.Release|x86.Build.0 = Release|Win32
	EndGlobalSection
	GlobalSection(SolutionProperties) = preSolution
		HideSolutionNode = FALSE
	EndGlobalSection
	GlobalSection(ExtensibilityGlobals) = postSolution
		SolutionGuid = {1ACFC15F-F8C0-4BD3-BE57-A9CCEAC622EF}
	EndGlobalSection
EndGlobal
